# This file is automatically @generated by Cargo.
# It is not intended for manual editing.
version = 4

[[package]]
name = "ghostnet-adapter-api"
version = "0.1.0"

[[package]]
name = "ghostnet-cli"
version = "0.1.0"

[[package]]
name = "ghostnet-doctrine"
version = "0.1.0"

[[package]]
name = "ghostnet-store"
version = "0.1.0"

[[package]]
name = "ghostnet-styrene"
version = "0.1.0"
